
Microsoft Visual Studio Solution File, Format Version 12.00
# Visual Studio Version 17
VisualStudioVersion = 17.0.31903.59
MinimumVisualStudioVersion = 10.0.40219.1
Project("{2150E333-8FDC-42A3-9474-1A3956D46DE8}") = "Sources", "Sources", "{8C55DEEA-34E4-4F18-B26E-105C5903C4BA}"
EndProject
Project("{FAE04EC0-301F-11D3-BF4B-00C04F79EFBC}") = "QuadEquation", "Sources\QuadEquation\QuadEquation.csproj", "{FA094153-0A48-45EE-B070-71219B0D1122}"
EndProject
Project("{2150E333-8FDC-42A3-9474-1A3956D46DE8}") = "Tests", "Tests", "{42F9710C-AE2C-4EE3-AA8D-F66D6E3CD640}"
EndProject
Project("{FAE04EC0-301F-11D3-BF4B-00C04F79EFBC}") = "QuadEquation.Tests", "Tests\QuadEquation.Tests\QuadEquation.Tests.csproj", "{EDF095A8-05BA-44E6-B611-90403A27F146}"
EndProject
Global
	GlobalSection(SolutionConfigurationPlatforms) = preSolution
		Debug|Any CPU = Debug|Any CPU
		Release|Any CPU = Release|Any CPU
	EndGlobalSection
	GlobalSection(SolutionProperties) = preSolution
		HideSolutionNode = FALSE
	EndGlobalSection
	GlobalSection(ProjectConfigurationPlatforms) = postSolution
		{FA094153-0A48-45EE-B070-71219B0D1122}.Debug|Any CPU.ActiveCfg = Debug|Any CPU
		{FA094153-0A48-45EE-B070-71219B0D1122}.Debug|Any CPU.Build.0 = Debug|Any CPU
		{FA094153-0A48-45EE-B070-71219B0D1122}.Release|Any CPU.ActiveCfg = Release|Any CPU
		{FA094153-0A48-45EE-B070-71219B0D1122}.Release|Any CPU.Build.0 = Release|Any CPU
		{EDF095A8-05BA-44E6-B611-90403A27F146}.Debug|Any CPU.ActiveCfg = Debug|Any CPU
		{EDF095A8-05BA-44E6-B611-90403A27F146}.Debug|Any CPU.Build.0 = Debug|Any CPU
		{EDF095A8-05BA-44E6-B611-90403A27F146}.Release|Any CPU.ActiveCfg = Release|Any CPU
		{EDF095A8-05BA-44E6-B611-90403A27F146}.Release|Any CPU.Build.0 = Release|Any CPU
	EndGlobalSection
	GlobalSection(NestedProjects) = preSolution
		{FA094153-0A48-45EE-B070-71219B0D1122} = {8C55DEEA-34E4-4F18-B26E-105C5903C4BA}
		{EDF095A8-05BA-44E6-B611-90403A27F146} = {42F9710C-AE2C-4EE3-AA8D-F66D6E3CD640}
	EndGlobalSection
EndGlobal
